[[package]]
category = "main"
description = "Event discrete, process based simulation for Python."
name = "simpy"
optional = false
python-versions = ">=3.6"
version = "4.0.1"

[[package]]
category = "main"
description = "Fast, Extensible Progress Meter"
name = "tqdm"
optional = false
python-versions = ">=2.6, !=3.0.*, !=3.1.*"
version = "4.46.1"

[package.extras]
dev = ["py-make (>=0.1.0)", "twine", "argopt", "pydoc-markdown"]

[metadata]
content-hash = "15864229ed6f3f7658fbf34c2dfe8ecd3a2cd48f5fbd1b1f0505634c9ee32899"
python-versions = "^3.7.3"

[metadata.files]
simpy = [
    {file = "simpy-4.0.1-py2.py3-none-any.whl", hash = "sha256:6c90c105628a5b4c9c3ee822b45b9980c60d3126b99295b616bb72cd69b6a35e"},
    {file = "simpy-4.0.1.tar.gz", hash = "sha256:b36542e2faab612f861c5ef4da17220ac1553f5892b3583c67281dbe4faad404"},
]
tqdm = [
    {file = "tqdm-4.46.1-py2.py3-none-any.whl", hash = "sha256:07c06493f1403c1380b630ae3dcbe5ae62abcf369a93bbc052502279f189ab8c"},
    {file = "tqdm-4.46.1.tar.gz", hash = "sha256:cd140979c2bebd2311dfb14781d8f19bd5a9debb92dcab9f6ef899c987fcf71f"},
]
